
Microsoft Visual Studio Solution File, Format Version 12.00
# Visual Studio Version 17
VisualStudioVersion = 17.0.31903.59
MinimumVisualStudioVersion = 10.0.40219.1
Project("{2150E333-8FDC-42A3-9474-1A3956D46DE8}") = "01-CSharp14", "01-CSharp14", "{FF9A82DC-3B1A-A5C5-F949-9C3BA2B2AB55}"
EndProject
Project("{FAE04EC0-301F-11D3-BF4B-00C04F79EFBC}") = "Lab01", "Day1\01-CSharp14\solution\Lab01.csproj", "{5EF3790D-CE08-4482-A534-B4310F235FB3}"
EndProject
Project("{2150E333-8FDC-42A3-9474-1A3956D46DE8}") = "02-Libraries-Pqc-Json", "02-Libraries-Pqc-Json", "{43D7277D-5AFC-B6CD-C3E6-378B8314C6CA}"
EndProject
Project("{FAE04EC0-301F-11D3-BF4B-00C04F79EFBC}") = "Lab02", "Day1\02-Libraries-Pqc-Json\solution\Lab02.csproj", "{BDFD02AB-FDE3-427B-8FF6-7E4F2458AB84}"
EndProject
Project("{2150E333-8FDC-42A3-9474-1A3956D46DE8}") = "03-AspNetCore-OpenApi", "03-AspNetCore-OpenApi", "{F53FEF2E-12F1-AFC1-70A9-157BB6E5F8AA}"
EndProject
Project("{FAE04EC0-301F-11D3-BF4B-00C04F79EFBC}") = "Lab03", "Day1\03-AspNetCore-OpenApi\solution\Lab03.csproj", "{960136F6-E8C4-4003-9E5D-2FEFB5783B67}"
EndProject
Project("{2150E333-8FDC-42A3-9474-1A3956D46DE8}") = "04-EfCore10", "04-EfCore10", "{213814D2-5295-F23D-D108-B7524337046F}"
EndProject
Project("{FAE04EC0-301F-11D3-BF4B-00C04F79EFBC}") = "Lab04", "Day1\04-EfCore10\solution\Lab04.csproj", "{77F2D149-4D5B-4EA7-A422-6C8C9314EEDD}"
EndProject
Global
	GlobalSection(SolutionConfigurationPlatforms) = preSolution
		Debug|Any CPU = Debug|Any CPU
		Debug|x64 = Debug|x64
		Debug|x86 = Debug|x86
		Release|Any CPU = Release|Any CPU
		Release|x64 = Release|x64
		Release|x86 = Release|x86
	EndGlobalSection
	GlobalSection(ProjectConfigurationPlatforms) = postSolution
		{5EF3790D-CE08-4482-A534-B4310F235FB3}.Debug|Any CPU.ActiveCfg = Debug|Any CPU
		{5EF3790D-CE08-4482-A534-B4310F235FB3}.Debug|Any CPU.Build.0 = Debug|Any CPU
		{5EF3790D-CE08-4482-A534-B4310F235FB3}.Debug|x64.ActiveCfg = Debug|Any CPU
		{5EF3790D-CE08-4482-A534-B4310F235FB3}.Debug|x64.Build.0 = Debug|Any CPU
		{5EF3790D-CE08-4482-A534-B4310F235FB3}.Debug|x86.ActiveCfg = Debug|Any CPU
		{5EF3790D-CE08-4482-A534-B4310F235FB3}.Debug|x86.Build.0 = Debug|Any CPU
		{5EF3790D-CE08-4482-A534-B4310F235FB3}.Release|Any CPU.ActiveCfg = Release|Any CPU
		{5EF3790D-CE08-4482-A534-B4310F235FB3}.Release|Any CPU.Build.0 = Release|Any CPU
		{5EF3790D-CE08-4482-A534-B4310F235FB3}.Release|x64.ActiveCfg = Release|Any CPU
		{5EF3790D-CE08-4482-A534-B4310F235FB3}.Release|x64.Build.0 = Release|Any CPU
		{5EF3790D-CE08-4482-A534-B4310F235FB3}.Release|x86.ActiveCfg = Release|Any CPU
		{5EF3790D-CE08-4482-A534-B4310F235FB3}.Release|x86.Build.0 = Release|Any CPU
		{BDFD02AB-FDE3-427B-8FF6-7E4F2458AB84}.Debug|Any CPU.ActiveCfg = Debug|Any CPU
		{BDFD02AB-FDE3-427B-8FF6-7E4F2458AB84}.Debug|Any CPU.Build.0 = Debug|Any CPU
		{BDFD02AB-FDE3-427B-8FF6-7E4F2458AB84}.Debug|x64.ActiveCfg = Debug|Any CPU
		{BDFD02AB-FDE3-427B-8FF6-7E4F2458AB84}.Debug|x64.Build.0 = Debug|Any CPU
		{BDFD02AB-FDE3-427B-8FF6-7E4F2458AB84}.Debug|x86.ActiveCfg = Debug|Any CPU
		{BDFD02AB-FDE3-427B-8FF6-7E4F2458AB84}.Debug|x86.Build.0 = Debug|Any CPU
		{BDFD02AB-FDE3-427B-8FF6-7E4F2458AB84}.Release|Any CPU.ActiveCfg = Release|Any CPU
		{BDFD02AB-FDE3-427B-8FF6-7E4F2458AB84}.Release|Any CPU.Build.0 = Release|Any CPU
		{BDFD02AB-FDE3-427B-8FF6-7E4F2458AB84}.Release|x64.ActiveCfg = Release|Any CPU
		{BDFD02AB-FDE3-427B-8FF6-7E4F2458AB84}.Release|x64.Build.0 = Release|Any CPU
		{BDFD02AB-FDE3-427B-8FF6-7E4F2458AB84}.Release|x86.ActiveCfg = Release|Any CPU
		{BDFD02AB-FDE3-427B-8FF6-7E4F2458AB84}.Release|x86.Build.0 = Release|Any CPU
		{960136F6-E8C4-4003-9E5D-2FEFB5783B67}.Debug|Any CPU.ActiveCfg = Debug|Any CPU
		{960136F6-E8C4-4003-9E5D-2FEFB5783B67}.Debug|Any CPU.Build.0 = Debug|Any CPU
		{960136F6-E8C4-4003-9E5D-2FEFB5783B67}.Debug|x64.ActiveCfg = Debug|Any CPU
		{960136F6-E8C4-4003-9E5D-2FEFB5783B67}.Debug|x64.Build.0 = Debug|Any CPU
		{960136F6-E8C4-4003-9E5D-2FEFB5783B67}.Debug|x86.ActiveCfg = Debug|Any CPU
		{960136F6-E8C4-4003-9E5D-2FEFB5783B67}.Debug|x86.Build.0 = Debug|Any CPU
		{960136F6-E8C4-4003-9E5D-2FEFB5783B67}.Release|Any CPU.ActiveCfg = Release|Any CPU
		{960136F6-E8C4-4003-9E5D-2FEFB5783B67}.Release|Any CPU.Build.0 = Release|Any CPU
		{960136F6-E8C4-4003-9E5D-2FEFB5783B67}.Release|x64.ActiveCfg = Release|Any CPU
		{960136F6-E8C4-4003-9E5D-2FEFB5783B67}.Release|x64.Build.0 = Release|Any CPU
		{960136F6-E8C4-4003-9E5D-2FEFB5783B67}.Release|x86.ActiveCfg = Release|Any CPU
		{960136F6-E8C4-4003-9E5D-2FEFB5783B67}.Release|x86.Build.0 = Release|Any CPU
		{77F2D149-4D5B-4EA7-A422-6C8C9314EEDD}.Debug|Any CPU.ActiveCfg = Debug|Any CPU
		{77F2D149-4D5B-4EA7-A422-6C8C9314EEDD}.Debug|Any CPU.Build.0 = Debug|Any CPU
		{77F2D149-4D5B-4EA7-A422-6C8C9314EEDD}.Debug|x64.ActiveCfg = Debug|Any CPU
		{77F2D149-4D5B-4EA7-A422-6C8C9314EEDD}.Debug|x64.Build.0 = Debug|Any CPU
		{77F2D149-4D5B-4EA7-A422-6C8C9314EEDD}.Debug|x86.ActiveCfg = Debug|Any CPU
		{77F2D149-4D5B-4EA7-A422-6C8C9314EEDD}.Debug|x86.Build.0 = Debug|Any CPU
		{77F2D149-4D5B-4EA7-A422-6C8C9314EEDD}.Release|Any CPU.ActiveCfg = Release|Any CPU
		{77F2D149-4D5B-4EA7-A422-6C8C9314EEDD}.Release|Any CPU.Build.0 = Release|Any CPU
		{77F2D149-4D5B-4EA7-A422-6C8C9314EEDD}.Release|x64.ActiveCfg = Release|Any CPU
		{77F2D149-4D5B-4EA7-A422-6C8C9314EEDD}.Release|x64.Build.0 = Release|Any CPU
		{77F2D149-4D5B-4EA7-A422-6C8C9314EEDD}.Release|x86.ActiveCfg = Release|Any CPU
		{77F2D149-4D5B-4EA7-A422-6C8C9314EEDD}.Release|x86.Build.0 = Release|Any CPU
	EndGlobalSection
	GlobalSection(SolutionProperties) = preSolution
		HideSolutionNode = FALSE
	EndGlobalSection
	GlobalSection(NestedProjects) = preSolution
		{5EF3790D-CE08-4482-A534-B4310F235FB3} = {FF9A82DC-3B1A-A5C5-F949-9C3BA2B2AB55}
		{BDFD02AB-FDE3-427B-8FF6-7E4F2458AB84} = {43D7277D-5AFC-B6CD-C3E6-378B8314C6CA}
		{960136F6-E8C4-4003-9E5D-2FEFB5783B67} = {F53FEF2E-12F1-AFC1-70A9-157BB6E5F8AA}
		{77F2D149-4D5B-4EA7-A422-6C8C9314EEDD} = {213814D2-5295-F23D-D108-B7524337046F}
	EndGlobalSection
EndGlobal
