
Microsoft Visual Studio Solution File, Format Version 12.00
# Visual Studio Version 17
VisualStudioVersion = 17.0.31903.59
MinimumVisualStudioVersion = 10.0.40219.1
Project("{2150E333-8FDC-42A3-9474-1A3956D46DE8}") = "01-CSharp14", "01-CSharp14", "{FF9A82DC-3B1A-A5C5-F949-9C3BA2B2AB55}"
EndProject
Project("{FAE04EC0-301F-11D3-BF4B-00C04F79EFBC}") = "Lab01", "Day1\01-CSharp14\start\Lab01.csproj", "{A805D68B-5F37-4777-9B19-7E9961779C48}"
EndProject
Project("{2150E333-8FDC-42A3-9474-1A3956D46DE8}") = "02-Libraries-Pqc-Json", "02-Libraries-Pqc-Json", "{43D7277D-5AFC-B6CD-C3E6-378B8314C6CA}"
EndProject
Project("{FAE04EC0-301F-11D3-BF4B-00C04F79EFBC}") = "Lab02", "Day1\02-Libraries-Pqc-Json\start\Lab02.csproj", "{DA698BED-F03F-461C-921E-66450BCB54BD}"
EndProject
Project("{2150E333-8FDC-42A3-9474-1A3956D46DE8}") = "03-AspNetCore-OpenApi", "03-AspNetCore-OpenApi", "{F53FEF2E-12F1-AFC1-70A9-157BB6E5F8AA}"
EndProject
Project("{FAE04EC0-301F-11D3-BF4B-00C04F79EFBC}") = "Lab03", "Day1\03-AspNetCore-OpenApi\start\Lab03.csproj", "{B2A62450-6FD1-461F-8B9A-0C8DEF6E5306}"
EndProject
Project("{2150E333-8FDC-42A3-9474-1A3956D46DE8}") = "04-EfCore10", "04-EfCore10", "{213814D2-5295-F23D-D108-B7524337046F}"
EndProject
Project("{FAE04EC0-301F-11D3-BF4B-00C04F79EFBC}") = "Lab04", "Day1\04-EfCore10\start\Lab04.csproj", "{324E14B0-70BC-4F8A-B6A9-077E369BC65E}"
EndProject
Global
	GlobalSection(SolutionConfigurationPlatforms) = preSolution
		Debug|Any CPU = Debug|Any CPU
		Debug|x64 = Debug|x64
		Debug|x86 = Debug|x86
		Release|Any CPU = Release|Any CPU
		Release|x64 = Release|x64
		Release|x86 = Release|x86
	EndGlobalSection
	GlobalSection(ProjectConfigurationPlatforms) = postSolution
		{A805D68B-5F37-4777-9B19-7E9961779C48}.Debug|Any CPU.ActiveCfg = Debug|Any CPU
		{A805D68B-5F37-4777-9B19-7E9961779C48}.Debug|Any CPU.Build.0 = Debug|Any CPU
		{A805D68B-5F37-4777-9B19-7E9961779C48}.Debug|x64.ActiveCfg = Debug|Any CPU
		{A805D68B-5F37-4777-9B19-7E9961779C48}.Debug|x64.Build.0 = Debug|Any CPU
		{A805D68B-5F37-4777-9B19-7E9961779C48}.Debug|x86.ActiveCfg = Debug|Any CPU
		{A805D68B-5F37-4777-9B19-7E9961779C48}.Debug|x86.Build.0 = Debug|Any CPU
		{A805D68B-5F37-4777-9B19-7E9961779C48}.Release|Any CPU.ActiveCfg = Release|Any CPU
		{A805D68B-5F37-4777-9B19-7E9961779C48}.Release|Any CPU.Build.0 = Release|Any CPU
		{A805D68B-5F37-4777-9B19-7E9961779C48}.Release|x64.ActiveCfg = Release|Any CPU
		{A805D68B-5F37-4777-9B19-7E9961779C48}.Release|x64.Build.0 = Release|Any CPU
		{A805D68B-5F37-4777-9B19-7E9961779C48}.Release|x86.ActiveCfg = Release|Any CPU
		{A805D68B-5F37-4777-9B19-7E9961779C48}.Release|x86.Build.0 = Release|Any CPU
		{DA698BED-F03F-461C-921E-66450BCB54BD}.Debug|Any CPU.ActiveCfg = Debug|Any CPU
		{DA698BED-F03F-461C-921E-66450BCB54BD}.Debug|Any CPU.Build.0 = Debug|Any CPU
		{DA698BED-F03F-461C-921E-66450BCB54BD}.Debug|x64.ActiveCfg = Debug|Any CPU
		{DA698BED-F03F-461C-921E-66450BCB54BD}.Debug|x64.Build.0 = Debug|Any CPU
		{DA698BED-F03F-461C-921E-66450BCB54BD}.Debug|x86.ActiveCfg = Debug|Any CPU
		{DA698BED-F03F-461C-921E-66450BCB54BD}.Debug|x86.Build.0 = Debug|Any CPU
		{DA698BED-F03F-461C-921E-66450BCB54BD}.Release|Any CPU.ActiveCfg = Release|Any CPU
		{DA698BED-F03F-461C-921E-66450BCB54BD}.Release|Any CPU.Build.0 = Release|Any CPU
		{DA698BED-F03F-461C-921E-66450BCB54BD}.Release|x64.ActiveCfg = Release|Any CPU
		{DA698BED-F03F-461C-921E-66450BCB54BD}.Release|x64.Build.0 = Release|Any CPU
		{DA698BED-F03F-461C-921E-66450BCB54BD}.Release|x86.ActiveCfg = Release|Any CPU
		{DA698BED-F03F-461C-921E-66450BCB54BD}.Release|x86.Build.0 = Release|Any CPU
		{B2A62450-6FD1-461F-8B9A-0C8DEF6E5306}.Debug|Any CPU.ActiveCfg = Debug|Any CPU
		{B2A62450-6FD1-461F-8B9A-0C8DEF6E5306}.Debug|Any CPU.Build.0 = Debug|Any CPU
		{B2A62450-6FD1-461F-8B9A-0C8DEF6E5306}.Debug|x64.ActiveCfg = Debug|Any CPU
		{B2A62450-6FD1-461F-8B9A-0C8DEF6E5306}.Debug|x64.Build.0 = Debug|Any CPU
		{B2A62450-6FD1-461F-8B9A-0C8DEF6E5306}.Debug|x86.ActiveCfg = Debug|Any CPU
		{B2A62450-6FD1-461F-8B9A-0C8DEF6E5306}.Debug|x86.Build.0 = Debug|Any CPU
		{B2A62450-6FD1-461F-8B9A-0C8DEF6E5306}.Release|Any CPU.ActiveCfg = Release|Any CPU
		{B2A62450-6FD1-461F-8B9A-0C8DEF6E5306}.Release|Any CPU.Build.0 = Release|Any CPU
		{B2A62450-6FD1-461F-8B9A-0C8DEF6E5306}.Release|x64.ActiveCfg = Release|Any CPU
		{B2A62450-6FD1-461F-8B9A-0C8DEF6E5306}.Release|x64.Build.0 = Release|Any CPU
		{B2A62450-6FD1-461F-8B9A-0C8DEF6E5306}.Release|x86.ActiveCfg = Release|Any CPU
		{B2A62450-6FD1-461F-8B9A-0C8DEF6E5306}.Release|x86.Build.0 = Release|Any CPU
		{324E14B0-70BC-4F8A-B6A9-077E369BC65E}.Debug|Any CPU.ActiveCfg = Debug|Any CPU
		{324E14B0-70BC-4F8A-B6A9-077E369BC65E}.Debug|Any CPU.Build.0 = Debug|Any CPU
		{324E14B0-70BC-4F8A-B6A9-077E369BC65E}.Debug|x64.ActiveCfg = Debug|Any CPU
		{324E14B0-70BC-4F8A-B6A9-077E369BC65E}.Debug|x64.Build.0 = Debug|Any CPU
		{324E14B0-70BC-4F8A-B6A9-077E369BC65E}.Debug|x86.ActiveCfg = Debug|Any CPU
		{324E14B0-70BC-4F8A-B6A9-077E369BC65E}.Debug|x86.Build.0 = Debug|Any CPU
		{324E14B0-70BC-4F8A-B6A9-077E369BC65E}.Release|Any CPU.ActiveCfg = Release|Any CPU
		{324E14B0-70BC-4F8A-B6A9-077E369BC65E}.Release|Any CPU.Build.0 = Release|Any CPU
		{324E14B0-70BC-4F8A-B6A9-077E369BC65E}.Release|x64.ActiveCfg = Release|Any CPU
		{324E14B0-70BC-4F8A-B6A9-077E369BC65E}.Release|x64.Build.0 = Release|Any CPU
		{324E14B0-70BC-4F8A-B6A9-077E369BC65E}.Release|x86.ActiveCfg = Release|Any CPU
		{324E14B0-70BC-4F8A-B6A9-077E369BC65E}.Release|x86.Build.0 = Release|Any CPU
	EndGlobalSection
	GlobalSection(SolutionProperties) = preSolution
		HideSolutionNode = FALSE
	EndGlobalSection
	GlobalSection(NestedProjects) = preSolution
		{A805D68B-5F37-4777-9B19-7E9961779C48} = {FF9A82DC-3B1A-A5C5-F949-9C3BA2B2AB55}
		{DA698BED-F03F-461C-921E-66450BCB54BD} = {43D7277D-5AFC-B6CD-C3E6-378B8314C6CA}
		{B2A62450-6FD1-461F-8B9A-0C8DEF6E5306} = {F53FEF2E-12F1-AFC1-70A9-157BB6E5F8AA}
		{324E14B0-70BC-4F8A-B6A9-077E369BC65E} = {213814D2-5295-F23D-D108-B7524337046F}
	EndGlobalSection
EndGlobal
