
Microsoft Visual Studio Solution File, Format Version 12.00
# Visual Studio Version 17
VisualStudioVersion = 17.0.31903.59
MinimumVisualStudioVersion = 10.0.40219.1
Project("{2150E333-8FDC-42A3-9474-1A3956D46DE8}") = "05-RuntimeAsync", "05-RuntimeAsync", "{4150BB14-01F5-F006-66CA-44CE97557F77}"
EndProject
Project("{FAE04EC0-301F-11D3-BF4B-00C04F79EFBC}") = "Lab05", "Day2\05-RuntimeAsync\solution\Lab05.csproj", "{C444A66D-87F7-432D-BEC0-F4FB270ABA29}"
EndProject
Project("{2150E333-8FDC-42A3-9474-1A3956D46DE8}") = "06-CSharp15-Unions", "06-CSharp15-Unions", "{6EEF724E-D1A2-D4A4-23C4-834A73254429}"
EndProject
Project("{FAE04EC0-301F-11D3-BF4B-00C04F79EFBC}") = "Lab06", "Day2\06-CSharp15-Unions\solution\Lab06.csproj", "{199C0797-D725-486A-A8E6-191187264EDA}"
EndProject
Project("{2150E333-8FDC-42A3-9474-1A3956D46DE8}") = "07-Libraries11", "07-Libraries11", "{ED4EF847-9D47-A8D7-7AB4-36FC5FC747B1}"
EndProject
Project("{FAE04EC0-301F-11D3-BF4B-00C04F79EFBC}") = "Lab07", "Day2\07-Libraries11\solution\Lab07.csproj", "{ED46455B-A4E0-4D1D-B2E5-54CC3961B515}"
EndProject
Project("{2150E333-8FDC-42A3-9474-1A3956D46DE8}") = "08-AspNet11-Migration", "08-AspNet11-Migration", "{C187035D-FB48-7AA4-8545-A74D7B22B6FB}"
EndProject
Project("{FAE04EC0-301F-11D3-BF4B-00C04F79EFBC}") = "Lab03", "Day2\08-AspNet11-Migration\solution\Lab03.csproj", "{6BF0EB6F-6172-4390-BA4C-2F09C7B00B73}"
EndProject
Project("{2150E333-8FDC-42A3-9474-1A3956D46DE8}") = "09-EfCore11-Migration", "09-EfCore11-Migration", "{A66D0FFD-9D8F-E1FE-EBEB-8A17C3D1B87B}"
EndProject
Project("{FAE04EC0-301F-11D3-BF4B-00C04F79EFBC}") = "Lab04", "Day2\09-EfCore11-Migration\solution\Lab04.csproj", "{679D0AFF-7711-40AF-9528-929989A0D1EB}"
EndProject
Global
	GlobalSection(SolutionConfigurationPlatforms) = preSolution
		Debug|Any CPU = Debug|Any CPU
		Debug|x64 = Debug|x64
		Debug|x86 = Debug|x86
		Release|Any CPU = Release|Any CPU
		Release|x64 = Release|x64
		Release|x86 = Release|x86
	EndGlobalSection
	GlobalSection(ProjectConfigurationPlatforms) = postSolution
		{C444A66D-87F7-432D-BEC0-F4FB270ABA29}.Debug|Any CPU.ActiveCfg = Debug|Any CPU
		{C444A66D-87F7-432D-BEC0-F4FB270ABA29}.Debug|Any CPU.Build.0 = Debug|Any CPU
		{C444A66D-87F7-432D-BEC0-F4FB270ABA29}.Debug|x64.ActiveCfg = Debug|Any CPU
		{C444A66D-87F7-432D-BEC0-F4FB270ABA29}.Debug|x64.Build.0 = Debug|Any CPU
		{C444A66D-87F7-432D-BEC0-F4FB270ABA29}.Debug|x86.ActiveCfg = Debug|Any CPU
		{C444A66D-87F7-432D-BEC0-F4FB270ABA29}.Debug|x86.Build.0 = Debug|Any CPU
		{C444A66D-87F7-432D-BEC0-F4FB270ABA29}.Release|Any CPU.ActiveCfg = Release|Any CPU
		{C444A66D-87F7-432D-BEC0-F4FB270ABA29}.Release|Any CPU.Build.0 = Release|Any CPU
		{C444A66D-87F7-432D-BEC0-F4FB270ABA29}.Release|x64.ActiveCfg = Release|Any CPU
		{C444A66D-87F7-432D-BEC0-F4FB270ABA29}.Release|x64.Build.0 = Release|Any CPU
		{C444A66D-87F7-432D-BEC0-F4FB270ABA29}.Release|x86.ActiveCfg = Release|Any CPU
		{C444A66D-87F7-432D-BEC0-F4FB270ABA29}.Release|x86.Build.0 = Release|Any CPU
		{199C0797-D725-486A-A8E6-191187264EDA}.Debug|Any CPU.ActiveCfg = Debug|Any CPU
		{199C0797-D725-486A-A8E6-191187264EDA}.Debug|Any CPU.Build.0 = Debug|Any CPU
		{199C0797-D725-486A-A8E6-191187264EDA}.Debug|x64.ActiveCfg = Debug|Any CPU
		{199C0797-D725-486A-A8E6-191187264EDA}.Debug|x64.Build.0 = Debug|Any CPU
		{199C0797-D725-486A-A8E6-191187264EDA}.Debug|x86.ActiveCfg = Debug|Any CPU
		{199C0797-D725-486A-A8E6-191187264EDA}.Debug|x86.Build.0 = Debug|Any CPU
		{199C0797-D725-486A-A8E6-191187264EDA}.Release|Any CPU.ActiveCfg = Release|Any CPU
		{199C0797-D725-486A-A8E6-191187264EDA}.Release|Any CPU.Build.0 = Release|Any CPU
		{199C0797-D725-486A-A8E6-191187264EDA}.Release|x64.ActiveCfg = Release|Any CPU
		{199C0797-D725-486A-A8E6-191187264EDA}.Release|x64.Build.0 = Release|Any CPU
		{199C0797-D725-486A-A8E6-191187264EDA}.Release|x86.ActiveCfg = Release|Any CPU
		{199C0797-D725-486A-A8E6-191187264EDA}.Release|x86.Build.0 = Release|Any CPU
		{ED46455B-A4E0-4D1D-B2E5-54CC3961B515}.Debug|Any CPU.ActiveCfg = Debug|Any CPU
		{ED46455B-A4E0-4D1D-B2E5-54CC3961B515}.Debug|Any CPU.Build.0 = Debug|Any CPU
		{ED46455B-A4E0-4D1D-B2E5-54CC3961B515}.Debug|x64.ActiveCfg = Debug|Any CPU
		{ED46455B-A4E0-4D1D-B2E5-54CC3961B515}.Debug|x64.Build.0 = Debug|Any CPU
		{ED46455B-A4E0-4D1D-B2E5-54CC3961B515}.Debug|x86.ActiveCfg = Debug|Any CPU
		{ED46455B-A4E0-4D1D-B2E5-54CC3961B515}.Debug|x86.Build.0 = Debug|Any CPU
		{ED46455B-A4E0-4D1D-B2E5-54CC3961B515}.Release|Any CPU.ActiveCfg = Release|Any CPU
		{ED46455B-A4E0-4D1D-B2E5-54CC3961B515}.Release|Any CPU.Build.0 = Release|Any CPU
		{ED46455B-A4E0-4D1D-B2E5-54CC3961B515}.Release|x64.ActiveCfg = Release|Any CPU
		{ED46455B-A4E0-4D1D-B2E5-54CC3961B515}.Release|x64.Build.0 = Release|Any CPU
		{ED46455B-A4E0-4D1D-B2E5-54CC3961B515}.Release|x86.ActiveCfg = Release|Any CPU
		{ED46455B-A4E0-4D1D-B2E5-54CC3961B515}.Release|x86.Build.0 = Release|Any CPU
		{6BF0EB6F-6172-4390-BA4C-2F09C7B00B73}.Debug|Any CPU.ActiveCfg = Debug|Any CPU
		{6BF0EB6F-6172-4390-BA4C-2F09C7B00B73}.Debug|Any CPU.Build.0 = Debug|Any CPU
		{6BF0EB6F-6172-4390-BA4C-2F09C7B00B73}.Debug|x64.ActiveCfg = Debug|Any CPU
		{6BF0EB6F-6172-4390-BA4C-2F09C7B00B73}.Debug|x64.Build.0 = Debug|Any CPU
		{6BF0EB6F-6172-4390-BA4C-2F09C7B00B73}.Debug|x86.ActiveCfg = Debug|Any CPU
		{6BF0EB6F-6172-4390-BA4C-2F09C7B00B73}.Debug|x86.Build.0 = Debug|Any CPU
		{6BF0EB6F-6172-4390-BA4C-2F09C7B00B73}.Release|Any CPU.ActiveCfg = Release|Any CPU
		{6BF0EB6F-6172-4390-BA4C-2F09C7B00B73}.Release|Any CPU.Build.0 = Release|Any CPU
		{6BF0EB6F-6172-4390-BA4C-2F09C7B00B73}.Release|x64.ActiveCfg = Release|Any CPU
		{6BF0EB6F-6172-4390-BA4C-2F09C7B00B73}.Release|x64.Build.0 = Release|Any CPU
		{6BF0EB6F-6172-4390-BA4C-2F09C7B00B73}.Release|x86.ActiveCfg = Release|Any CPU
		{6BF0EB6F-6172-4390-BA4C-2F09C7B00B73}.Release|x86.Build.0 = Release|Any CPU
		{679D0AFF-7711-40AF-9528-929989A0D1EB}.Debug|Any CPU.ActiveCfg = Debug|Any CPU
		{679D0AFF-7711-40AF-9528-929989A0D1EB}.Debug|Any CPU.Build.0 = Debug|Any CPU
		{679D0AFF-7711-40AF-9528-929989A0D1EB}.Debug|x64.ActiveCfg = Debug|Any CPU
		{679D0AFF-7711-40AF-9528-929989A0D1EB}.Debug|x64.Build.0 = Debug|Any CPU
		{679D0AFF-7711-40AF-9528-929989A0D1EB}.Debug|x86.ActiveCfg = Debug|Any CPU
		{679D0AFF-7711-40AF-9528-929989A0D1EB}.Debug|x86.Build.0 = Debug|Any CPU
		{679D0AFF-7711-40AF-9528-929989A0D1EB}.Release|Any CPU.ActiveCfg = Release|Any CPU
		{679D0AFF-7711-40AF-9528-929989A0D1EB}.Release|Any CPU.Build.0 = Release|Any CPU
		{679D0AFF-7711-40AF-9528-929989A0D1EB}.Release|x64.ActiveCfg = Release|Any CPU
		{679D0AFF-7711-40AF-9528-929989A0D1EB}.Release|x64.Build.0 = Release|Any CPU
		{679D0AFF-7711-40AF-9528-929989A0D1EB}.Release|x86.ActiveCfg = Release|Any CPU
		{679D0AFF-7711-40AF-9528-929989A0D1EB}.Release|x86.Build.0 = Release|Any CPU
	EndGlobalSection
	GlobalSection(SolutionProperties) = preSolution
		HideSolutionNode = FALSE
	EndGlobalSection
	GlobalSection(NestedProjects) = preSolution
		{C444A66D-87F7-432D-BEC0-F4FB270ABA29} = {4150BB14-01F5-F006-66CA-44CE97557F77}
		{199C0797-D725-486A-A8E6-191187264EDA} = {6EEF724E-D1A2-D4A4-23C4-834A73254429}
		{ED46455B-A4E0-4D1D-B2E5-54CC3961B515} = {ED4EF847-9D47-A8D7-7AB4-36FC5FC747B1}
		{6BF0EB6F-6172-4390-BA4C-2F09C7B00B73} = {C187035D-FB48-7AA4-8545-A74D7B22B6FB}
		{679D0AFF-7711-40AF-9528-929989A0D1EB} = {A66D0FFD-9D8F-E1FE-EBEB-8A17C3D1B87B}
	EndGlobalSection
EndGlobal
